
Microsoft Visual Studio Solution File, Format Version 12.00
# Visual Studio 15
VisualStudioVersion = 15.0.28307.421
MinimumVisualStudioVersion = 10.0.40219.1
Project("{FAE04EC0-301F-11D3-BF4B-00C04F79EFBC}") = "Tennis0518", "Tennis0518.csproj", "{D9F3D0E9-AE32-4EBB-9AE7-74450929DA44}"
EndProject
Global
	GlobalSection(SolutionConfigurationPlatforms) = preSolution
		Debug|Any CPU = Debug|Any CPU
		Release|Any CPU = Release|Any CPU
	EndGlobalSection
	GlobalSection(ProjectConfigurationPlatforms) = postSolution
		{D9F3D0E9-AE32-4EBB-9AE7-74450929DA44}.Debug|Any CPU.ActiveCfg = Debug|Any CPU
		{D9F3D0E9-AE32-4EBB-9AE7-74450929DA44}.Debug|Any CPU.Build.0 = Debug|Any CPU
		{D9F3D0E9-AE32-4EBB-9AE7-74450929DA44}.Release|Any CPU.ActiveCfg = Release|Any CPU
		{D9F3D0E9-AE32-4EBB-9AE7-74450929DA44}.Release|Any CPU.Build.0 = Release|Any CPU
	EndGlobalSection
	GlobalSection(SolutionProperties) = preSolution
		HideSolutionNode = FALSE
	EndGlobalSection
	GlobalSection(ExtensibilityGlobals) = postSolution
		SolutionGuid = {03BD4118-A71F-4165-978E-D2ECCB26DFB5}
	EndGlobalSection
EndGlobal
